github.com/cookie-for-pres/chc v1.1.1 h1:mvXH/V/k/d/IgQ8bIhk6nSSLNdr+JT5ItpqqkZBz1AI=
github.com/cookie-for-pres/chc v1.1.1/go.mod h1:opp/twxivLqfjQJp5ewRLRhuT2R33SPVXJFM2EHEbEE=
github.com/cookie-for-pres/chc v1.1.2 h1:p3OiZE+s9rZU1Kt6jMC+rhh8FzNJU+qyKi1gBaQ1+a8=
github.com/cookie-for-pres/chc v1.1.2/go.mod h1:opp/twxivLqfjQJp5ewRLRhuT2R33SPVXJFM2EHEbEE=
